
Microsoft Visual Studio Solution File, Format Version 12.00
# Visual Studio Version 17
VisualStudioVersion = 17.3.32825.248
MinimumVisualStudioVersion = 10.0.40219.1
Project("{FAE04EC0-301F-11D3-BF4B-00C04F79EFBC}") = "A5_Automation_Tool", "A5_Automation_Tool\A5_Automation_Tool.csproj", "{346115F1-B42A-4FA6-AF47-82A38AE447B3}"
EndProject
Global
	GlobalSection(SolutionConfigurationPlatforms) = preSolution
		Debug|Any CPU = Debug|Any CPU
		Release|Any CPU = Release|Any CPU
	EndGlobalSection
	GlobalSection(ProjectConfigurationPlatforms) = postSolution
		{346115F1-B42A-4FA6-AF47-82A38AE447B3}.Debug|Any CPU.ActiveCfg = Debug|Any CPU
		{346115F1-B42A-4FA6-AF47-82A38AE447B3}.Debug|Any CPU.Build.0 = Debug|Any CPU
		{346115F1-B42A-4FA6-AF47-82A38AE447B3}.Release|Any CPU.ActiveCfg = Release|Any CPU
		{346115F1-B42A-4FA6-AF47-82A38AE447B3}.Release|Any CPU.Build.0 = Release|Any CPU
	EndGlobalSection
	GlobalSection(SolutionProperties) = preSolution
		HideSolutionNode = FALSE
	EndGlobalSection
	GlobalSection(ExtensibilityGlobals) = postSolution
		SolutionGuid = {2F8AD775-6AB5-4277-BA07-E88DAAC117F9}
	EndGlobalSection
EndGlobal
